
Microsoft Visual Studio Solution File, Format Version 12.00
# Visual Studio Version 16
VisualStudioVersion = 16.0.810.25
MinimumVisualStudioVersion = 10.0.40219.1
Project("{FAE04EC0-301F-11D3-BF4B-00C04F79EFBC}") = "datagile_testtask_1", "datagile_testtask_1.csproj", "{4298809E-01B4-4A00-AB80-7F5E91494358}"
EndProject
Global
	GlobalSection(SolutionConfigurationPlatforms) = preSolution
		Debug|Any CPU = Debug|Any CPU
		Release|Any CPU = Release|Any CPU
	EndGlobalSection
	GlobalSection(ProjectConfigurationPlatforms) = postSolution
		{4298809E-01B4-4A00-AB80-7F5E91494358}.Debug|Any CPU.ActiveCfg = Debug|Any CPU
		{4298809E-01B4-4A00-AB80-7F5E91494358}.Debug|Any CPU.Build.0 = Debug|Any CPU
		{4298809E-01B4-4A00-AB80-7F5E91494358}.Release|Any CPU.ActiveCfg = Release|Any CPU
		{4298809E-01B4-4A00-AB80-7F5E91494358}.Release|Any CPU.Build.0 = Release|Any CPU
	EndGlobalSection
	GlobalSection(SolutionProperties) = preSolution
		HideSolutionNode = FALSE
	EndGlobalSection
	GlobalSection(ExtensibilityGlobals) = postSolution
		SolutionGuid = {E9D956DE-52D7-4484-8CE1-3B9BB33AAA7F}
	EndGlobalSection
EndGlobal
